// !$*UTF8*$!
{
	archiveVersion = 1;
	classes = {
	};
	objectVersion = 50;
	objects = {

/* Begin PBXBuildFile section */
		182A474B256E5EA80031E052 /* AppDelegate.swift in Sources */ = {isa = PBXBuildFile; fileRef = 182A474A256E5EA80031E052 /* AppDelegate.swift */; };
		182A474D256E5EA80031E052 /* SceneDelegate.swift in Sources */ = {isa = PBXBuildFile; fileRef = 182A474C256E5EA80031E052 /* SceneDelegate.swift */; };
		182A474F256E5EA80031E052 /* ViewController.swift in Sources */ = {isa = PBXBuildFile; fileRef = 182A474E256E5EA80031E052 /* ViewController.swift */; };
		182A4752256E5EA80031E052 /* Main.storyboard in Resources */ = {isa = PBXBuildFile; fileRef = 182A4750256E5EA80031E052 /* Main.storyboard */; };
		182A4755256E5EA80031E052 /* SWAPIPeople.xcdatamodeld in Sources */ = {isa = PBXBuildFile; fileRef = 182A4753256E5EA80031E052 /* SWAPIPeople.xcdatamodeld */; };
		182A4757256E5EAC0031E052 /* Assets.xcassets in Resources */ = {isa = PBXBuildFile; fileRef = 182A4756256E5EAC0031E052 /* Assets.xcassets */; };
		182A475A256E5EAC0031E052 /* LaunchScreen.storyboard in Resources */ = {isa = PBXBuildFile; fileRef = 182A4758256E5EAC0031E052 /* LaunchScreen.storyboard */; };
/* End PBXBuildFile section */

/* Begin PBXFileReference section */
		182A4747256E5EA80031E052 /* SWAPIPeople.app */ = {isa = PBXFileReference; explicitFileType = wrapper.application; includeInIndex = 0; path = SWAPIPeople.app; sourceTree = BUILT_PRODUCTS_DIR; };
		182A474A256E5EA80031E052 /* AppDelegate.swift */ = {isa = PBXFileReference; lastKnownFileType = sourcecode.swift; path = AppDelegate.swift; sourceTree = "<group>"; };
		182A474C256E5EA80031E052 /* SceneDelegate.swift */ = {isa = PBXFileReference; lastKnownFileType = sourcecode.swift; path = SceneDelegate.swift; sourceTree = "<group>"; };
		182A474E256E5EA80031E052 /* ViewController.swift */ = {isa = PBXFileReference; lastKnownFileType = sourcecode.swift; path = ViewController.swift; sourceTree = "<group>"; };
		182A4751256E5EA80031E052 /* Base */ = {isa = PBXFileReference; lastKnownFileType = file.storyboard; name = Base; path = Base.lproj/Main.storyboard; sourceTree = "<group>"; };
		182A4754256E5EA80031E052 /* SWAPIPeople.xcdatamodel */ = {isa = PBXFileReference; lastKnownFileType = wrapper.xcdatamodel; path = SWAPIPeople.xcdatamodel; sourceTree = "<group>"; };
		182A4756256E5EAC0031E052 /* Assets.xcassets */ = {isa = PBXFileReference; lastKnownFileType = folder.assetcatalog; path = Assets.xcassets; sourceTree = "<group>"; };
		182A4759256E5EAC0031E052 /* Base */ = {isa = PBXFileReference; lastKnownFileType = file.storyboard; name = Base; path = Base.lproj/LaunchScreen.storyboard; sourceTree = "<group>"; };
		182A475B256E5EAC0031E052 /* Info.plist */ = {isa = PBXFileReference; lastKnownFileType = text.plist.xml; path = Info.plist; sourceTree = "<group>"; };
/* End PBXFileReference section */

/* Begin PBXFrameworksBuildPhase section */
		182A4744256E5EA80031E052 /* Frameworks */ = {
			isa = PBXFrameworksBuildPhase;
			buildActionMask = 2147483647;
			files = (
			);
			runOnlyForDeploymentPostprocessing = 0;
		};
/* End PBXFrameworksBuildPhase section */

/* Begin PBXGroup section */
		182A473E256E5EA80031E052 = {
			isa = PBXGroup;
			children = (
				182A4749256E5EA80031E052 /* SWAPIPeople */,
				182A4748256E5EA80031E052 /* Products */,
			);
			sourceTree = "<group>";
		};
		182A4748256E5EA80031E052 /* Products */ = {
			isa = PBXGroup;
			children = (
				182A4747256E5EA80031E052 /* SWAPIPeople.app */,
			);
			name = Products;
			sourceTree = "<group>";
		};
		182A4749256E5EA80031E052 /* SWAPIPeople */ = {
			isa = PBXGroup;
			children = (
				182A474A256E5EA80031E052 /* AppDelegate.swift */,
				182A474C256E5EA80031E052 /* SceneDelegate.swift */,
				182A474E256E5EA80031E052 /* ViewController.swift */,
				182A4750256E5EA80031E052 /* Main.storyboard */,
				182A4756256E5EAC0031E052 /* Assets.xcassets */,
				182A4758256E5EAC0031E052 /* LaunchScreen.storyboard */,
				182A475B256E5EAC0031E052 /* Info.plist */,
				182A4753256E5EA80031E052 /* SWAPIPeople.xcdatamodeld */,
			);
			path = SWAPIPeople;
			sourceTree = "<group>";
		};
/* End PBXGroup section */

/* Begin PBXNativeTarget section */
		182A4746256E5EA80031E052 /* SWAPIPeople */ = {
			isa = PBXNativeTarget;
			buildConfigurationList = 182A475E256E5EAC0031E052 /* Build configuration list for PBXNativeTarget "SWAPIPeople" */;
			buildPhases = (
				182A4743256E5EA80031E052 /* Sources */,
				182A4744256E5EA80031E052 /* Frameworks */,
				182A4745256E5EA80031E052 /* Resources */,
			);
			buildRules = (
			);
			dependencies = (
			);
			name = SWAPIPeople;
			productName = SWAPIPeople;
			productReference = 182A4747256E5EA80031E052 /* SWAPIPeople.app */;
			productType = "com.apple.product-type.application";
		};
/* End PBXNativeTarget section */

/* Begin PBXProject section */
		182A473F256E5EA80031E052 /* Project object */ = {
			isa = PBXProject;
			attributes = {
				LastSwiftUpdateCheck = 1220;
				LastUpgradeCheck = 1220;
				TargetAttributes = {
					182A4746256E5EA80031E052 = {
						CreatedOnToolsVersion = 12.2;
					};
				};
			};
			buildConfigurationList = 182A4742256E5EA80031E052 /* Build configuration list for PBXProject "SWAPIPeople" */;
			compatibilityVersion = "Xcode 9.3";
			developmentRegion = en;
			hasScannedForEncodings = 0;
			knownRegions = (
				en,
				Base,
			);
			mainGroup = 182A473E256E5EA80031E052;
			productRefGroup = 182A4748256E5EA80031E052 /* Products */;
			projectDirPath = "";
			projectRoot = "";
			targets = (
				182A4746256E5EA80031E052 /* SWAPIPeople */,
			);
		};
/* End PBXProject section */

/* Begin PBXResourcesBuildPhase section */
		182A4745256E5EA80031E052 /* Resources */ = {
			isa = PBXResourcesBuildPhase;
			buildActionMask = 2147483647;
			files = (
				182A475A256E5EAC0031E052 /* LaunchScreen.storyboard in Resources */,
				182A4757256E5EAC0031E052 /* Assets.xcassets in Resources */,
				182A4752256E5EA80031E052 /* Main.storyboard in Resources */,
			);
			runOnlyForDeploymentPostprocessing = 0;
		};
/* End PBXResourcesBuildPhase section */

/* Begin PBXSourcesBuildPhase section */
		182A4743256E5EA80031E052 /* Sources */ = {
			isa = PBXSourcesBuildPhase;
			buildActionMask = 2147483647;
			files = (
				182A474F256E5EA80031E052 /* ViewController.swift in Sources */,
				182A4755256E5EA80031E052 /* SWAPIPeople.xcdatamodeld in Sources */,
				182A474B256E5EA80031E052 /* AppDelegate.swift in Sources */,
				182A474D256E5EA80031E052 /* SceneDelegate.swift in Sources */,
			);
			runOnlyForDeploymentPostprocessing = 0;
		};
/* End PBXSourcesBuildPhase section */

/* Begin PBXVariantGroup section */
		182A4750256E5EA80031E052 /* Main.storyboard */ = {
			isa = PBXVariantGroup;
			children = (
				182A4751256E5EA80031E052 /* Base */,
			);
			name = Main.storyboard;
			sourceTree = "<group>";
		};
		182A4758256E5EAC0031E052 /* LaunchScreen.storyboard */ = {
			isa = PBXVariantGroup;
			children = (
				182A4759256E5EAC0031E052 /* Base */,
			);
			name = LaunchScreen.storyboard;
			sourceTree = "<group>";
		};
/* End PBXVariantGroup section */

/* Begin XCBuildConfiguration section */
		182A475C256E5EAC0031E052 /* Debug */ = {
			isa = XCBuildConfiguration;
			buildSettings = {
				ALWAYS_SEARCH_USER_PATHS = NO;
				CLANG_ANALYZER_NONNULL = YES;
				CLANG_ANALYZER_NUMBER_OBJECT_CONVERSION = YES_AGGRESSIVE;
				CLANG_CXX_LANGUAGE_STANDARD = "gnu++14";
				CLANG_CXX_LIBRARY = "libc++";
				CLANG_ENABLE_MODULES = YES;
				CLANG_ENABLE_OBJC_ARC = YES;
				CLANG_ENABLE_OBJC_WEAK = YES;
				CLANG_WARN_BLOCK_CAPTURE_AUTORELEASING = YES;
				CLANG_WARN_BOOL_CONVERSION = YES;
				CLANG_WARN_COMMA = YES;
				CLANG_WARN_CONSTANT_CONVERSION = YES;
				CLANG_WARN_DEPRECATED_OBJC_IMPLEMENTATIONS = YES;
				CLANG_WARN_DIRECT_OBJC_ISA_USAGE = YES_ERROR;
				CLANG_WARN_DOCUMENTATION_COMMENTS = YES;
				CLANG_WARN_EMPTY_BODY = YES;
				CLANG_WARN_ENUM_CONVERSION = YES;
				CLANG_WARN_INFINITE_RECURSION = YES;
				CLANG_WARN_INT_CONVERSION = YES;
				CLANG_WARN_NON_LITERAL_NULL_CONVERSION = YES;
				CLANG_WARN_OBJC_IMPLICIT_RETAIN_SELF = YES;
				CLANG_WARN_OBJC_LITERAL_CONVERSION = YES;
				CLANG_WARN_OBJC_ROOT_CLASS = YES_ERROR;
				CLANG_WARN_QUOTED_INCLUDE_IN_FRAMEWORK_HEADER = YES;
				CLANG_WARN_RANGE_LOOP_ANALYSIS = YES;
				CLANG_WARN_STRICT_PROTOTYPES = YES;
				CLANG_WARN_SUSPICIOUS_MOVE = YES;
				CLANG_WARN_UNGUARDED_AVAILABILITY = YES_AGGRESSIVE;
				CLANG_WARN_UNREACHABLE_CODE = YES;
				CLANG_WARN__DUPLICATE_METHOD_MATCH = YES;
				COPY_PHASE_STRIP = NO;
				DEBUG_INFORMATION_FORMAT = dwarf;
				ENABLE_STRICT_OBJC_MSGSEND = YES;
				ENABLE_TESTABILITY = YES;
				GCC_C_LANGUAGE_STANDARD = gnu11;
				GCC_DYNAMIC_NO_PIC = NO;
				GCC_NO_COMMON_BLOCKS = YES;
				GCC_OPTIMIZATION_LEVEL = 0;
				GCC_PREPROCESSOR_DEFINITIONS = (
					"DEBUG=1",
					"$(inherited)",
				);
				GCC_WARN_64_TO_32_BIT_CONVERSION = YES;
				GCC_WARN_ABOUT_RETURN_TYPE = YES_ERROR;
				GCC_WARN_UNDECLARED_SELECTOR = YES;
				GCC_WARN_UNINITIALIZED_AUTOS = YES_AGGRESSIVE;
				GCC_WARN_UNUSED_FUNCTION = YES;
				GCC_WARN_UNUSED_VARIABLE = YES;
				IPHONEOS_DEPLOYMENT_TARGET = 14.2;
				MTL_ENABLE_DEBUG_INFO = INCLUDE_SOURCE;
				MTL_FAST_MATH = YES;
				ONLY_ACTIVE_ARCH = YES;
				SDKROOT = iphoneos;
				SWIFT_ACTIVE_COMPILATION_CONDITIONS = DEBUG;
				SWIFT_OPTIMIZATION_LEVEL = "-Onone";
			};
			name = Debug;
		};
		182A475D256E5EAC0031E052 /* Release */ = {
			isa = XCBuildConfiguration;
			buildSettings = {
				ALWAYS_SEARCH_USER_PATHS = NO;
				CLANG_ANALYZER_NONNULL = YES;
				CLANG_ANALYZER_NUMBER_OBJECT_CONVERSION = YES_AGGRESSIVE;
				CLANG_CXX_LANGUAGE_STANDARD = "gnu++14";
				CLANG_CXX_LIBRARY = "libc++";
				CLANG_ENABLE_MODULES = YES;
				CLANG_ENABLE_OBJC_ARC = YES;
				CLANG_ENABLE_OBJC_WEAK = YES;
				CLANG_WARN_BLOCK_CAPTURE_AUTORELEASING = YES;
				CLANG_WARN_BOOL_CONVERSION = YES;
				CLANG_WARN_COMMA = YES;
				CLANG_WARN_CONSTANT_CONVERSION = YES;
				CLANG_WARN_DEPRECATED_OBJC_IMPLEMENTATIONS = YES;
				CLANG_WARN_DIRECT_OBJC_ISA_USAGE = YES_ERROR;
				CLANG_WARN_DOCUMENTATION_COMMENTS = YES;
				CLANG_WARN_EMPTY_BODY = YES;
				CLANG_WARN_ENUM_CONVERSION = YES;
				CLANG_WARN_INFINITE_RECURSION = YES;
				CLANG_WARN_INT_CONVERSION = YES;
				CLANG_WARN_NON_LITERAL_NULL_CONVERSION = YES;
				CLANG_WARN_OBJC_IMPLICIT_RETAIN_SELF = YES;
				CLANG_WARN_OBJC_LITERAL_CONVERSION = YES;
				CLANG_WARN_OBJC_ROOT_CLASS = YES_ERROR;
				CLANG_WARN_QUOTED_INCLUDE_IN_FRAMEWORK_HEADER = YES;
				CLANG_WARN_RANGE_LOOP_ANALYSIS = YES;
				CLANG_WARN_STRICT_PROTOTYPES = YES;
				CLANG_WARN_SUSPICIOUS_MOVE = YES;
				CLANG_WARN_UNGUARDED_AVAILABILITY = YES_AGGRESSIVE;
				CLANG_WARN_UNREACHABLE_CODE = YES;
				CLANG_WARN__DUPLICATE_METHOD_MATCH = YES;
				COPY_PHASE_STRIP = NO;
				DEBUG_INFORMATION_FORMAT = "dwarf-with-dsym";
				ENABLE_NS_ASSERTIONS = NO;
				ENABLE_STRICT_OBJC_MSGSEND = YES;
				GCC_C_LANGUAGE_STANDARD = gnu11;
				GCC_NO_COMMON_BLOCKS = YES;
				GCC_WARN_64_TO_32_BIT_CONVERSION = YES;
				GCC_WARN_ABOUT_RETURN_TYPE = YES_ERROR;
				GCC_WARN_UNDECLARED_SELECTOR = YES;
				GCC_WARN_UNINITIALIZED_AUTOS = YES_AGGRESSIVE;
				GCC_WARN_UNUSED_FUNCTION = YES;
				GCC_WARN_UNUSED_VARIABLE = YES;
				IPHONEOS_DEPLOYMENT_TARGET = 14.2;
				MTL_ENABLE_DEBUG_INFO = NO;
				MTL_FAST_MATH = YES;
				SDKROOT = iphoneos;
				SWIFT_COMPILATION_MODE = wholemodule;
				SWIFT_OPTIMIZATION_LEVEL = "-O";
				VALIDATE_PRODUCT = YES;
			};
			name = Release;
		};
		182A475F256E5EAC0031E052 /* Debug */ = {
			isa = XCBuildConfiguration;
			buildSettings = {
				ASSETCATALOG_COMPILER_APPICON_NAME = AppIcon;
				ASSETCATALOG_COMPILER_GLOBAL_ACCENT_COLOR_NAME = AccentColor;
				CODE_SIGN_STYLE = Automatic;
				DEVELOPMENT_TEAM = W7BGRNT9MM;
				INFOPLIST_FILE = SWAPIPeople/Info.plist;
				LD_RUNPATH_SEARCH_PATHS = (
					"$(inherited)",
					"@executable_path/Frameworks",
				);
				PRODUCT_BUNDLE_IDENTIFIER = "Andrii-Pohodin.SWAPIPeople";
				PRODUCT_NAME = "$(TARGET_NAME)";
				SWIFT_VERSION = 5.0;
				TARGETED_DEVICE_FAMILY = "1,2";
			};
			name = Debug;
		};
		182A4760256E5EAC0031E052 /* Release */ = {
			isa = XCBuildConfiguration;
			buildSettings = {
				ASSETCATALOG_COMPILER_APPICON_NAME = AppIcon;
				ASSETCATALOG_COMPILER_GLOBAL_ACCENT_COLOR_NAME = AccentColor;
				CODE_SIGN_STYLE = Automatic;
				DEVELOPMENT_TEAM = W7BGRNT9MM;
				INFOPLIST_FILE = SWAPIPeople/Info.plist;
				LD_RUNPATH_SEARCH_PATHS = (
					"$(inherited)",
					"@executable_path/Frameworks",
				);
				PRODUCT_BUNDLE_IDENTIFIER = "Andrii-Pohodin.SWAPIPeople";
				PRODUCT_NAME = "$(TARGET_NAME)";
				SWIFT_VERSION = 5.0;
				TARGETED_DEVICE_FAMILY = "1,2";
			};
			name = Release;
		};
/* End XCBuildConfiguration section */

/* Begin XCConfigurationList section */
		182A4742256E5EA80031E052 /* Build configuration list for PBXProject "SWAPIPeople" */ = {
			isa = XCConfigurationList;
			buildConfigurations = (
				182A475C256E5EAC0031E052 /* Debug */,
				182A475D256E5EAC0031E052 /* Release */,
			);
			defaultConfigurationIsVisible = 0;
			defaultConfigurationName = Release;
		};
		182A475E256E5EAC0031E052 /* Build configuration list for PBXNativeTarget "SWAPIPeople" */ = {
			isa = XCConfigurationList;
			buildConfigurations = (
				182A475F256E5EAC0031E052 /* Debug */,
				182A4760256E5EAC0031E052 /* Release */,
			);
			defaultConfigurationIsVisible = 0;
			defaultConfigurationName = Release;
		};
/* End XCConfigurationList section */

/* Begin XCVersionGroup section */
		182A4753256E5EA80031E052 /* SWAPIPeople.xcdatamodeld */ = {
			isa = XCVersionGroup;
			children = (
				182A4754256E5EA80031E052 /* SWAPIPeople.xcdatamodel */,
			);
			currentVersion = 182A4754256E5EA80031E052 /* SWAPIPeople.xcdatamodel */;
			path = SWAPIPeople.xcdatamodeld;
			sourceTree = "<group>";
			versionGroupType = wrapper.xcdatamodel;
		};
/* End XCVersionGroup section */
	};
	rootObject = 182A473F256E5EA80031E052 /* Project object */;
}
